
Microsoft Visual Studio Solution File, Format Version 12.00
# Visual Studio Version 16
VisualStudioVersion = 16.0.30907.101
MinimumVisualStudioVersion = 10.0.40219.1
Project("{FAE04EC0-301F-11D3-BF4B-00C04F79EFBC}") = "localwork_Gaev_ISP393", "localwork_Gaev_ISP393\localwork_Gaev_ISP393.csproj", "{60268810-C12E-44CA-8B97-6D669DC295A1}"
EndProject
Global
	GlobalSection(SolutionConfigurationPlatforms) = preSolution
		Debug|Any CPU = Debug|Any CPU
		Release|Any CPU = Release|Any CPU
	EndGlobalSection
	GlobalSection(ProjectConfigurationPlatforms) = postSolution
		{60268810-C12E-44CA-8B97-6D669DC295A1}.Debug|Any CPU.ActiveCfg = Debug|Any CPU
		{60268810-C12E-44CA-8B97-6D669DC295A1}.Debug|Any CPU.Build.0 = Debug|Any CPU
		{60268810-C12E-44CA-8B97-6D669DC295A1}.Release|Any CPU.ActiveCfg = Release|Any CPU
		{60268810-C12E-44CA-8B97-6D669DC295A1}.Release|Any CPU.Build.0 = Release|Any CPU
	EndGlobalSection
	GlobalSection(SolutionProperties) = preSolution
		HideSolutionNode = FALSE
	EndGlobalSection
	GlobalSection(ExtensibilityGlobals) = postSolution
		SolutionGuid = {6EEEA307-D8C0-4EAB-AA5F-5BF0460ED0D6}
	EndGlobalSection
EndGlobal
